
Microsoft Visual Studio Solution File, Format Version 12.00
# Visual Studio Version 16
VisualStudioVersion = 16.0.29411.108
MinimumVisualStudioVersion = 10.0.40219.1
Project("{FAE04EC0-301F-11D3-BF4B-00C04F79EFBC}") = "wiremockMeetup", "wiremockMeetup.csproj", "{CF7FB28A-53C0-4F39-A13A-46C3383B1236}"
EndProject
Project("{FAE04EC0-301F-11D3-BF4B-00C04F79EFBC}") = "ExampleApi", "..\ExampleApi\ExampleApi.csproj", "{83B64BDC-FBFC-45A1-B05E-F12BB8BB6C12}"
EndProject
Global
	GlobalSection(SolutionConfigurationPlatforms) = preSolution
		Debug|Any CPU = Debug|Any CPU
		Release|Any CPU = Release|Any CPU
	EndGlobalSection
	GlobalSection(ProjectConfigurationPlatforms) = postSolution
		{CF7FB28A-53C0-4F39-A13A-46C3383B1236}.Debug|Any CPU.ActiveCfg = Debug|Any CPU
		{CF7FB28A-53C0-4F39-A13A-46C3383B1236}.Debug|Any CPU.Build.0 = Debug|Any CPU
		{CF7FB28A-53C0-4F39-A13A-46C3383B1236}.Release|Any CPU.ActiveCfg = Release|Any CPU
		{CF7FB28A-53C0-4F39-A13A-46C3383B1236}.Release|Any CPU.Build.0 = Release|Any CPU
		{83B64BDC-FBFC-45A1-B05E-F12BB8BB6C12}.Debug|Any CPU.ActiveCfg = Debug|Any CPU
		{83B64BDC-FBFC-45A1-B05E-F12BB8BB6C12}.Debug|Any CPU.Build.0 = Debug|Any CPU
		{83B64BDC-FBFC-45A1-B05E-F12BB8BB6C12}.Release|Any CPU.ActiveCfg = Release|Any CPU
		{83B64BDC-FBFC-45A1-B05E-F12BB8BB6C12}.Release|Any CPU.Build.0 = Release|Any CPU
	EndGlobalSection
	GlobalSection(SolutionProperties) = preSolution
		HideSolutionNode = FALSE
	EndGlobalSection
	GlobalSection(ExtensibilityGlobals) = postSolution
		SolutionGuid = {39C35063-843A-4A7D-876E-F22BFB4CF641}
	EndGlobalSection
EndGlobal
